# @generated - this file is auto-generated by `mise lock` https://mise.jdx.dev/dev-tools/mise-lock.html

lockfile_version = 2

[[tools.gitleaks]]
version = "8.30.1"
backend = "aqua:gitleaks/gitleaks"
specifiers = ["8.30.1"]

[tools.gitleaks."platforms.linux-arm64"]
checksum = "sha256:e4a487ee7ccd7d3a7f7ec08657610aa3606637dab924210b3aee62570fb4b080"
url = "https://github.com/gitleaks/gitleaks/releases/download/v8.30.1/gitleaks_8.30.1_linux_arm64.tar.gz"
url_api = "https://api.github.com/repos/gitleaks/gitleaks/releases/assets/378332057"

[tools.gitleaks."platforms.linux-x64"]
checksum = "sha256:551f6fc83ea457d62a0d98237cbad105af8d557003051f41f3e7ca7b3f2470eb"
url = "https://github.com/gitleaks/gitleaks/releases/download/v8.30.1/gitleaks_8.30.1_linux_x64.tar.gz"
url_api = "https://api.github.com/repos/gitleaks/gitleaks/releases/assets/378332058"

[tools.gitleaks."platforms.macos-arm64"]
checksum = "sha256:b40ab0ae55c505963e365f271a8d3846efbc170aa17f2607f13df610a9aeb6a5"
url = "https://github.com/gitleaks/gitleaks/releases/download/v8.30.1/gitleaks_8.30.1_darwin_arm64.tar.gz"
url_api = "https://api.github.com/repos/gitleaks/gitleaks/releases/assets/378332059"

[tools.gitleaks."platforms.macos-x64"]
checksum = "sha256:dfe101a4db2255fc85120ac7f3d25e4342c3c20cf749f2c20a18081af1952709"
url = "https://github.com/gitleaks/gitleaks/releases/download/v8.30.1/gitleaks_8.30.1_darwin_x64.tar.gz"
url_api = "https://api.github.com/repos/gitleaks/gitleaks/releases/assets/378332053"

[[tools.pre-commit]]
version = "3.6.0"
backend = "aqua:pre-commit/pre-commit"
specifiers = ["3.6.0"]

[tools.pre-commit."platforms.linux-arm64"]
checksum = "sha256:f2243f64424bfdfe8cfd0ea849f474075dca532617d521abbdc61ba1280fb6fd"
url = "https://github.com/pre-commit/pre-commit/releases/download/v3.6.0/pre-commit-3.6.0.pyz"
url_api = "https://api.github.com/repos/pre-commit/pre-commit/releases/assets/139841735"

[tools.pre-commit."platforms.linux-x64"]
checksum = "sha256:f2243f64424bfdfe8cfd0ea849f474075dca532617d521abbdc61ba1280fb6fd"
url = "https://github.com/pre-commit/pre-commit/releases/download/v3.6.0/pre-commit-3.6.0.pyz"
url_api = "https://api.github.com/repos/pre-commit/pre-commit/releases/assets/139841735"

[tools.pre-commit."platforms.macos-arm64"]
checksum = "sha256:f2243f64424bfdfe8cfd0ea849f474075dca532617d521abbdc61ba1280fb6fd"
url = "https://github.com/pre-commit/pre-commit/releases/download/v3.6.0/pre-commit-3.6.0.pyz"
url_api = "https://api.github.com/repos/pre-commit/pre-commit/releases/assets/139841735"

[tools.pre-commit."platforms.macos-x64"]
checksum = "sha256:f2243f64424bfdfe8cfd0ea849f474075dca532617d521abbdc61ba1280fb6fd"
url = "https://github.com/pre-commit/pre-commit/releases/download/v3.6.0/pre-commit-3.6.0.pyz"
url_api = "https://api.github.com/repos/pre-commit/pre-commit/releases/assets/139841735"

[[tools.terraform]]
version = "1.7.0"
backend = "aqua:hashicorp/terraform"
specifiers = ["1.7.0"]

[tools.terraform."platforms.linux-arm64"]
checksum = "sha256:33094b8c677460e7c6496a89770ae702bb8d9c6613d4a8485897da006d1919b5"
url = "https://releases.hashicorp.com/terraform/1.7.0/terraform_1.7.0_linux_arm64.zip"

[tools.terraform."platforms.linux-x64"]
checksum = "sha256:2bac080244845ebd434baf5e8557bd06d53b3c8bc01b7e496b390a56cb40ac5c"
url = "https://releases.hashicorp.com/terraform/1.7.0/terraform_1.7.0_linux_amd64.zip"

[tools.terraform."platforms.macos-arm64"]
checksum = "sha256:7c23ffbeba15c38ce547e62ba4ffbb2c3620cf5b38bf9fa8037cfa81544d1150"
url = "https://releases.hashicorp.com/terraform/1.7.0/terraform_1.7.0_darwin_arm64.zip"

[tools.terraform."platforms.macos-x64"]
checksum = "sha256:621a2ef8d0ca4e5bb613632983b6b2cd53d542978117df779ac363422ce6802d"
url = "https://releases.hashicorp.com/terraform/1.7.0/terraform_1.7.0_darwin_amd64.zip"

[[tools.vale]]
version = "3.6.0"
backend = "aqua:vale-cli/vale"
specifiers = ["3.6.0"]

[tools.vale."platforms.linux-arm64"]
checksum = "sha256:45295ab07fd99c87a9cac20dce5d230d7b63ffec1394b38c8d5d4496347a069b"
url = "https://github.com/vale-cli/vale/releases/download/v3.6.0/vale_3.6.0_Linux_arm64.tar.gz"
url_api = "https://api.github.com/repos/vale-cli/vale/releases/assets/174588938"

[tools.vale."platforms.linux-x64"]
checksum = "sha256:d27cd03f920202a7be5bba3fd9e784a22fe8b33f838911853588ce3ce594a25d"
url = "https://github.com/vale-cli/vale/releases/download/v3.6.0/vale_3.6.0_Linux_64-bit.tar.gz"
url_api = "https://api.github.com/repos/vale-cli/vale/releases/assets/174588941"

[tools.vale."platforms.macos-arm64"]
checksum = "sha256:df71e5fcbefca9413479737fa946e105249ec73e2a328ef1784e5558d92414b0"
url = "https://github.com/vale-cli/vale/releases/download/v3.6.0/vale_3.6.0_macOS_arm64.tar.gz"
url_api = "https://api.github.com/repos/vale-cli/vale/releases/assets/174588939"

[tools.vale."platforms.macos-x64"]
checksum = "sha256:4d1df61fc3b1e4109bd965b478dad6cb8998e2ca7836100b936c16c331c8c9f2"
url = "https://github.com/vale-cli/vale/releases/download/v3.6.0/vale_3.6.0_macOS_64-bit.tar.gz"
url_api = "https://api.github.com/repos/vale-cli/vale/releases/assets/174588940"
